
Microsoft Visual Studio Solution File, Format Version 12.00
# Visual Studio Version 17
VisualStudioVersion = 17.10.35013.160
MinimumVisualStudioVersion = 10.0.40219.1
Project("{FAE04EC0-301F-11D3-BF4B-00C04F79EFBC}") = "CrudUbicaciones_LGLA", "CrudUbicaciones_LGLA\CrudUbicaciones_LGLA.csproj", "{24A72D87-4382-4C83-9290-88A5DA745917}"
EndProject
Project("{FAE04EC0-301F-11D3-BF4B-00C04F79EFBC}") = "BLL", "BLL\BLL.csproj", "{77730D8B-CA73-418A-A835-31764781EF48}"
EndProject
Project("{FAE04EC0-301F-11D3-BF4B-00C04F79EFBC}") = "DAL", "DAL\DAL.csproj", "{03DCEB97-3A3D-450E-8333-0678C33D0609}"
EndProject
Global
	GlobalSection(SolutionConfigurationPlatforms) = preSolution
		Debug|Any CPU = Debug|Any CPU
		Release|Any CPU = Release|Any CPU
	EndGlobalSection
	GlobalSection(ProjectConfigurationPlatforms) = postSolution
		{24A72D87-4382-4C83-9290-88A5DA745917}.Debug|Any CPU.ActiveCfg = Debug|Any CPU
		{24A72D87-4382-4C83-9290-88A5DA745917}.Debug|Any CPU.Build.0 = Debug|Any CPU
		{24A72D87-4382-4C83-9290-88A5DA745917}.Release|Any CPU.ActiveCfg = Release|Any CPU
		{24A72D87-4382-4C83-9290-88A5DA745917}.Release|Any CPU.Build.0 = Release|Any CPU
		{77730D8B-CA73-418A-A835-31764781EF48}.Debug|Any CPU.ActiveCfg = Debug|Any CPU
		{77730D8B-CA73-418A-A835-31764781EF48}.Debug|Any CPU.Build.0 = Debug|Any CPU
		{77730D8B-CA73-418A-A835-31764781EF48}.Release|Any CPU.ActiveCfg = Release|Any CPU
		{77730D8B-CA73-418A-A835-31764781EF48}.Release|Any CPU.Build.0 = Release|Any CPU
		{03DCEB97-3A3D-450E-8333-0678C33D0609}.Debug|Any CPU.ActiveCfg = Debug|Any CPU
		{03DCEB97-3A3D-450E-8333-0678C33D0609}.Debug|Any CPU.Build.0 = Debug|Any CPU
		{03DCEB97-3A3D-450E-8333-0678C33D0609}.Release|Any CPU.ActiveCfg = Release|Any CPU
		{03DCEB97-3A3D-450E-8333-0678C33D0609}.Release|Any CPU.Build.0 = Release|Any CPU
	EndGlobalSection
	GlobalSection(SolutionProperties) = preSolution
		HideSolutionNode = FALSE
	EndGlobalSection
	GlobalSection(ExtensibilityGlobals) = postSolution
		SolutionGuid = {7F501CB8-9B82-4242-8748-56BFB3158671}
	EndGlobalSection
EndGlobal
